
Microsoft Visual Studio Solution File, Format Version 12.00
# Visual Studio Version 17
VisualStudioVersion = 17.9.34728.123
MinimumVisualStudioVersion = 10.0.40219.1
Project("{FAE04EC0-301F-11D3-BF4B-00C04F79EFBC}") = "NugetScanner", "NugetScanner\NugetScanner.csproj", "{A29FC174-C3D6-4A0F-98FB-BC6B6A51AF89}"
EndProject
Global
	GlobalSection(SolutionConfigurationPlatforms) = preSolution
		Debug|Any CPU = Debug|Any CPU
		Release|Any CPU = Release|Any CPU
	EndGlobalSection
	GlobalSection(ProjectConfigurationPlatforms) = postSolution
		{A29FC174-C3D6-4A0F-98FB-BC6B6A51AF89}.Debug|Any CPU.ActiveCfg = Debug|Any CPU
		{A29FC174-C3D6-4A0F-98FB-BC6B6A51AF89}.Debug|Any CPU.Build.0 = Debug|Any CPU
		{A29FC174-C3D6-4A0F-98FB-BC6B6A51AF89}.Release|Any CPU.ActiveCfg = Release|Any CPU
		{A29FC174-C3D6-4A0F-98FB-BC6B6A51AF89}.Release|Any CPU.Build.0 = Release|Any CPU
	EndGlobalSection
	GlobalSection(SolutionProperties) = preSolution
		HideSolutionNode = FALSE
	EndGlobalSection
	GlobalSection(ExtensibilityGlobals) = postSolution
		SolutionGuid = {DE6E4D31-06E8-4886-9975-895FAB75F663}
	EndGlobalSection
EndGlobal
